
Microsoft Visual Studio Solution File, Format Version 12.00
# Visual Studio Version 17
VisualStudioVersion = 17.14.36414.22 d17.14
MinimumVisualStudioVersion = 10.0.40219.1
Project("{FAE04EC0-301F-11D3-BF4B-00C04F79EFBC}") = "Bezrukova_PR03_GIT,", "Bezrukova_PR03_GIT,\Bezrukova_PR03_GIT,.csproj", "{162957D1-60C8-4136-9732-CD18F8A7FC88}"
EndProject
Global
	GlobalSection(SolutionConfigurationPlatforms) = preSolution
		Debug|Any CPU = Debug|Any CPU
		Release|Any CPU = Release|Any CPU
	EndGlobalSection
	GlobalSection(ProjectConfigurationPlatforms) = postSolution
		{162957D1-60C8-4136-9732-CD18F8A7FC88}.Debug|Any CPU.ActiveCfg = Debug|Any CPU
		{162957D1-60C8-4136-9732-CD18F8A7FC88}.Debug|Any CPU.Build.0 = Debug|Any CPU
		{162957D1-60C8-4136-9732-CD18F8A7FC88}.Release|Any CPU.ActiveCfg = Release|Any CPU
		{162957D1-60C8-4136-9732-CD18F8A7FC88}.Release|Any CPU.Build.0 = Release|Any CPU
	EndGlobalSection
	GlobalSection(SolutionProperties) = preSolution
		HideSolutionNode = FALSE
	EndGlobalSection
	GlobalSection(ExtensibilityGlobals) = postSolution
		SolutionGuid = {0FC64591-4090-4E91-BF68-D0EFA2BF67B9}
	EndGlobalSection
EndGlobal
